
Microsoft Visual Studio Solution File, Format Version 12.00
# Visual Studio Version 17
VisualStudioVersion = 17.13.35617.110 d17.13
MinimumVisualStudioVersion = 10.0.40219.1
Project("{FAE04EC0-301F-11D3-BF4B-00C04F79EFBC}") = "Tarea1", "Tarea1\Tarea1.csproj", "{A5DD8844-978D-4BEC-B8A7-E37692F89A43}"
EndProject
Global
	GlobalSection(SolutionConfigurationPlatforms) = preSolution
		Debug|Any CPU = Debug|Any CPU
		Release|Any CPU = Release|Any CPU
	EndGlobalSection
	GlobalSection(ProjectConfigurationPlatforms) = postSolution
		{A5DD8844-978D-4BEC-B8A7-E37692F89A43}.Debug|Any CPU.ActiveCfg = Debug|Any CPU
		{A5DD8844-978D-4BEC-B8A7-E37692F89A43}.Debug|Any CPU.Build.0 = Debug|Any CPU
		{A5DD8844-978D-4BEC-B8A7-E37692F89A43}.Release|Any CPU.ActiveCfg = Release|Any CPU
		{A5DD8844-978D-4BEC-B8A7-E37692F89A43}.Release|Any CPU.Build.0 = Release|Any CPU
	EndGlobalSection
	GlobalSection(SolutionProperties) = preSolution
		HideSolutionNode = FALSE
	EndGlobalSection
	GlobalSection(ExtensibilityGlobals) = postSolution
		SolutionGuid = {79542F5D-8688-4171-8296-D44FF78F2AA6}
	EndGlobalSection
EndGlobal
